
Microsoft Visual Studio Solution File, Format Version 12.00
Project("{FAE04EC0-301F-11D3-BF4B-00C04F79EFBC}") = "board", "board\board.csproj", "{FCD50545-7BA7-44CF-8DE1-AAD7F108186B}"
EndProject
Global
	GlobalSection(SolutionConfigurationPlatforms) = preSolution
		Debug|Any CPU = Debug|Any CPU
		Release|Any CPU = Release|Any CPU
	EndGlobalSection
	GlobalSection(ProjectConfigurationPlatforms) = postSolution
		{FCD50545-7BA7-44CF-8DE1-AAD7F108186B}.Debug|Any CPU.ActiveCfg = Debug|Any CPU
		{FCD50545-7BA7-44CF-8DE1-AAD7F108186B}.Debug|Any CPU.Build.0 = Debug|Any CPU
		{FCD50545-7BA7-44CF-8DE1-AAD7F108186B}.Release|Any CPU.ActiveCfg = Release|Any CPU
		{FCD50545-7BA7-44CF-8DE1-AAD7F108186B}.Release|Any CPU.Build.0 = Release|Any CPU
	EndGlobalSection
EndGlobal
